{
  "version": "5",
  "remote": {
    "https://edge.netlify.com/": "fd941d61d88673d5f28aab283fb86fcc50f08a3bc80ee5470498fcfa88c65cfb",
    "https://edge.netlify.com/bootstrap/config.ts": "6a2ce0e544e15e8f8883a5c18da5948e37fd0f2619f68cb31f3af53c51817025",
    "https://edge.netlify.com/bootstrap/context.ts": "e97240232121e2f369f6546ce961490f34d961ea1ea54be3ff09633e3f08373f",
    "https://edge.netlify.com/bootstrap/cookie.ts": "8b0baae708989ca183c6f3b4ab3d029e6abcbc2e43f93edeb0ff447b3bbc3a05",
    "https://edge.netlify.com/bootstrap/edge_function.ts": "b8253e86aa83c67341f5cfedeba5049d77fbf84dcab7eceff7566b7728ae9b39",
    "https://edge.netlify.com/bootstrap/globals/types.ts": "eaa6148ded3121d8dee62dd91c86e7fe76601df0f3ca8d7962243a30f4c8935f",
    "https://esm.sh/jose@5.9.6": "8c535558ee938997693933217d3f71cdbb97f968cc9b5385ab442664458aa576",
    "https://esm.sh/jose@5.9.6/denonext/base64url.mjs": "81c5fb3b7f7d60522c3ca871fe05eb1ce204edd735747d8db810464ddceca3e8",
    "https://esm.sh/jose@5.9.6/denonext/decode/protected_header.mjs": "085397879e97064288730577481dc55c030489214dddae8c3498bd9e57779d5c",
    "https://esm.sh/jose@5.9.6/denonext/dist/browser/jwt/produce.mjs": "879ef666c6e2ae4f9f7bfd50ffeb82888515d043e6e709a6a20e4936df0e12fc",
    "https://esm.sh/jose@5.9.6/denonext/dist/browser/lib/aesgcmkw.mjs": "6ae7ee4847d4ee99ada388e8536ebb1e5d05650b426bcd27bc27ab854dc53a1e",
    "https://esm.sh/jose@5.9.6/denonext/dist/browser/lib/buffer_utils.mjs": "7660307075231558b23fbd2becdd8f0c418a6f80358b7b8e98f7334f1cc30f4d",
    "https://esm.sh/jose@5.9.6/denonext/dist/browser/lib/cek.mjs": "f60f9030bd96b33961e88444afbbaf6483dd98c661c326d4c69fecf6e4bf50ca",
    "https://esm.sh/jose@5.9.6/denonext/dist/browser/lib/check_iv_length.mjs": "691050d1de1d1c37d385117dc03fe302e5409832bfc4ae72f25fd61426a5a49e",
    "https://esm.sh/jose@5.9.6/denonext/dist/browser/lib/check_key_type.mjs": "16c3aa5696ed6f00f2a60f41c1e12efbf3bc83910dffc3b40b00803d91543c79",
    "https://esm.sh/jose@5.9.6/denonext/dist/browser/lib/crypto_key.mjs": "be070668105d9df9beb82d826dbafa0768eba53be64531acca51bb74d14c4c3c",
    "https://esm.sh/jose@5.9.6/denonext/dist/browser/lib/encrypt_key_management.mjs": "f2e584f9fa3a7827f4dfefb3dcc55a14b3c9b589814d6625e6f77383231b1f97",
    "https://esm.sh/jose@5.9.6/denonext/dist/browser/lib/epoch.mjs": "887a895de2d150ba7b06d282e440b5567356c7e48ac33519326c9afdeec2fcd2",
    "https://esm.sh/jose@5.9.6/denonext/dist/browser/lib/invalid_key_input.mjs": "e183b1b250b86dbc95e27b854c0ba3e89d1f43b4aad613d1c550230f8f177c35",
    "https://esm.sh/jose@5.9.6/denonext/dist/browser/lib/is_disjoint.mjs": "50cde1ecded01c24a7c959fc397bb867e6187f5437fc349cebfbc4257261deec",
    "https://esm.sh/jose@5.9.6/denonext/dist/browser/lib/is_jwk.mjs": "46a8f006603a58d8fce7df23f9f81286eb21fb519e920fb4ce053efa4bd320fa",
    "https://esm.sh/jose@5.9.6/denonext/dist/browser/lib/is_object.mjs": "2d591426a5e6674f833576c7128659bcd1d8c61a431c55669e9744d9f3dde9cc",
    "https://esm.sh/jose@5.9.6/denonext/dist/browser/lib/iv.mjs": "d786034c707502b87ea76329975581233de6bb31347b4ef505c22a00da31d385",
    "https://esm.sh/jose@5.9.6/denonext/dist/browser/lib/jwt_claims_set.mjs": "8501cb5b85f7eadfa4960117187e2536e545f7204fd619148925d34e226f2728",
    "https://esm.sh/jose@5.9.6/denonext/dist/browser/lib/private_symbols.mjs": "3c646d1b482e34797d71693ad421490979b7f0e80e95aafa79a7075bc8fc9c35",
    "https://esm.sh/jose@5.9.6/denonext/dist/browser/lib/secs.mjs": "c198e175aae30c129a67aaa2f9bf11d6b356429b83646fda0e4b459272448434",
    "https://esm.sh/jose@5.9.6/denonext/dist/browser/lib/validate_algorithms.mjs": "4e87bab47e93209189404d13a00961cb0dbaf24ebba7c2cca6c080a6f4877fc5",
    "https://esm.sh/jose@5.9.6/denonext/dist/browser/lib/validate_crit.mjs": "f78a2ba351ec3b48b7fef78f9a90741e01fb63e720be7c163ca19b01926935ea",
    "https://esm.sh/jose@5.9.6/denonext/dist/browser/runtime/aeskw.mjs": "d1535bf354bc19f6ea966798b5dd9bb8c8cd4872b24396a17e4b51108cb3b835",
    "https://esm.sh/jose@5.9.6/denonext/dist/browser/runtime/asn1.mjs": "c10675338ca84dd1128a487d30baf5917d133eab4fee0b06dbb52c555caf1c8f",
    "https://esm.sh/jose@5.9.6/denonext/dist/browser/runtime/base64url.mjs": "ac675b146b1d673f70050caadcce37658848d5dfd1f810626df272e3a57cbb81",
    "https://esm.sh/jose@5.9.6/denonext/dist/browser/runtime/bogus.mjs": "4ab085df45b8107223ced9e6c901590ad1526403d5a037764dd07063613cff08",
    "https://esm.sh/jose@5.9.6/denonext/dist/browser/runtime/check_cek_length.mjs": "cfa31d9bfe85d3779b92121c3b2756ec18be75a801735d5cff3d6134ad766857",
    "https://esm.sh/jose@5.9.6/denonext/dist/browser/runtime/check_key_length.mjs": "b799f48fd69f6e09cf77ee2724909d916ae8a4ca105dc363dc3964bf79830d8a",
    "https://esm.sh/jose@5.9.6/denonext/dist/browser/runtime/decrypt.mjs": "7413075e48b7bbed96376bcd6dc5a8761e41b92ea54403a21359a48444b3393a",
    "https://esm.sh/jose@5.9.6/denonext/dist/browser/runtime/digest.mjs": "0c01af9b2cd3d265b4d7f174d257c16157d37f0f18271019aff889619dca0fc1",
    "https://esm.sh/jose@5.9.6/denonext/dist/browser/runtime/ecdhes.mjs": "ffad4dbf7b2ee66d285c69115351c9dd3f3821f6d749799e221437eb72e14317",
    "https://esm.sh/jose@5.9.6/denonext/dist/browser/runtime/encrypt.mjs": "35cae29236bfd46a4a005cf15f6c3b083bc35a18b1e35d3cdf8e0b35ac1dfda3",
    "https://esm.sh/jose@5.9.6/denonext/dist/browser/runtime/generate.mjs": "6ef74729c5ada77a73761d32956cea225f344926dceebe96cad895824ef1b9a2",
    "https://esm.sh/jose@5.9.6/denonext/dist/browser/runtime/get_sign_verify_key.mjs": "b7719a535a6afa9725ce190c05cd577add0696f5a279bccd4ec6a7a0b833f51f",
    "https://esm.sh/jose@5.9.6/denonext/dist/browser/runtime/is_key_like.mjs": "99253a44a75644c1a6b679ea9e2b88c2ba00687e9f34b8b67ee4c20697fbcacb",
    "https://esm.sh/jose@5.9.6/denonext/dist/browser/runtime/jwk_to_key.mjs": "92e1ee2c71b5935a77e50a0a50dbee2ebd6a60c8b0bc0968e95a9f5f31ec1fdd",
    "https://esm.sh/jose@5.9.6/denonext/dist/browser/runtime/normalize_key.mjs": "5a33836926088e38d7adab2f40a5d8aee44b82e706f88404a7216e6366ad98b7",
    "https://esm.sh/jose@5.9.6/denonext/dist/browser/runtime/pbes2kw.mjs": "46711e2cf488cb918ba91fefc6fb4550b769c5c1f01cf92075240d290d8c1513",
    "https://esm.sh/jose@5.9.6/denonext/dist/browser/runtime/random.mjs": "710faa089e3978ed303e207502c9219bb1940c50b86850613798772d02b2be55",
    "https://esm.sh/jose@5.9.6/denonext/dist/browser/runtime/rsaes.mjs": "5463bf0142707909df766f58d8042d2d9b90764e142968c998e52c14f04267c3",
    "https://esm.sh/jose@5.9.6/denonext/dist/browser/runtime/subtle_dsa.mjs": "756236b62b32002236ef0a173b3b92bed9cb23bf4fc42babac78615de5948717",
    "https://esm.sh/jose@5.9.6/denonext/dist/browser/runtime/webcrypto.mjs": "bfac989e7e1802e9e1acbc88f7422f68fb86406f6df2e4c84ddbc6d9f79c19d1",
    "https://esm.sh/jose@5.9.6/denonext/errors.mjs": "b0e7a1dc91a48602f2d806c3bb6185a4362d771a3a53736baeb66d688683aefa",
    "https://esm.sh/jose@5.9.6/denonext/jose.mjs": "89f58cbc53436365081aa471823b6d153ff9371a20c2aeabb47e2f7562f49de3",
    "https://esm.sh/jose@5.9.6/denonext/jwe/compact/decrypt.mjs": "832d9a582d049162092bd8fa3e9114e694e81fc75d046581e85eae3a03de3fde",
    "https://esm.sh/jose@5.9.6/denonext/jwe/compact/encrypt.mjs": "326cf7b90e7197260c65dc4e790e0033ccd4cdc9df07e91d81c88bffc9ed3b8a",
    "https://esm.sh/jose@5.9.6/denonext/jwe/flattened/decrypt.mjs": "23a9faf6e99bb3437769a34dcfc93aae8b52ec16bcfcd99d5c440dce38f49479",
    "https://esm.sh/jose@5.9.6/denonext/jwe/flattened/encrypt.mjs": "1e28974f3b08f27af8b21a47d21521ce1e1e6797265042e12225dfecebed3a4c",
    "https://esm.sh/jose@5.9.6/denonext/jwe/general/decrypt.mjs": "7f09bc273ae0e99fab8c070f0fd69decff361263460e9c885fb3a65e4a25a95f",
    "https://esm.sh/jose@5.9.6/denonext/jwe/general/encrypt.mjs": "3eb967b3599859b2d8523d6b67ec7ca0a8ff7a59c2cbdb45b6ea7698c030da03",
    "https://esm.sh/jose@5.9.6/denonext/jwk/embedded.mjs": "f36fd370b5e85f8fc037ce4f1df2fe7c99c314098265bad3baebdbbe0a2fc4b2",
    "https://esm.sh/jose@5.9.6/denonext/jwk/thumbprint.mjs": "8ac8bf5bf384c07990158cae80ab1bbc256c9c28817cbe047b06118c9279baa3",
    "https://esm.sh/jose@5.9.6/denonext/jwks/local.mjs": "018265af06b180aba95ed0d817e332d68ec9814ba65809e316e0f55744665a04",
    "https://esm.sh/jose@5.9.6/denonext/jwks/remote.mjs": "1acef6196961c0f488f3cf78a7bf55e67910ea69dcd5dbbff5e28556995c609d",
    "https://esm.sh/jose@5.9.6/denonext/jws/compact/sign.mjs": "b5e4b8efe882b5bd0868ec48690772a4f703fb4d52c63a973d85eefbcec1a722",
    "https://esm.sh/jose@5.9.6/denonext/jws/compact/verify.mjs": "323a220db2fce3a01e05fe91015069c66315b7261eddbc7b4d02d994963e2882",
    "https://esm.sh/jose@5.9.6/denonext/jws/flattened/sign.mjs": "19af56cd6d4d3485ee6fb777be6f226b7316c9f27c10068a1d97a873cc25874b",
    "https://esm.sh/jose@5.9.6/denonext/jws/flattened/verify.mjs": "1dee089b0d9fc42d97937faba809a05353c6f3569d325f530515495282e45b77",
    "https://esm.sh/jose@5.9.6/denonext/jws/general/sign.mjs": "9ce74aa629d0a6dfecbbbd76940ac44cce4f608ffec4edad7713d6edfc23a057",
    "https://esm.sh/jose@5.9.6/denonext/jws/general/verify.mjs": "5b3ab75a1958a97c5dd4958c5fd135ccf990c3623bef7369c2d672d37a67bd30",
    "https://esm.sh/jose@5.9.6/denonext/jwt/decode.mjs": "5b2510a196c0c65996bcb40cc72d10bb0bcc94bc7305ed86266356a7d1dd00e6",
    "https://esm.sh/jose@5.9.6/denonext/jwt/decrypt.mjs": "2796674011c61e17b90d846079cc42f5c023bfe87b96fd3bba2b37e8acde008f",
    "https://esm.sh/jose@5.9.6/denonext/jwt/encrypt.mjs": "9166ab3fc7243f80a6c3bc4ac02006fda12af618d2b260aad71e30a65130d70d",
    "https://esm.sh/jose@5.9.6/denonext/jwt/sign.mjs": "6206a048193e14122fccbf3321047a29051859acde4f30d845bdaceb7db7934d",
    "https://esm.sh/jose@5.9.6/denonext/jwt/unsecured.mjs": "d3454d433b5da22ab77e998b1ba1bf7b807710298df0d4f965d33a35bb2d8e94",
    "https://esm.sh/jose@5.9.6/denonext/jwt/verify.mjs": "cbcd6dbbbcdcb19d6087a36ca1e6a6519f2d4507d15a67e02a74ef725bc26cb8",
    "https://esm.sh/jose@5.9.6/denonext/key/export.mjs": "2ba61dbc7920da97cafd3d456f69c010c79b5dc2f2f9d9a0cded2afa0a1770c2",
    "https://esm.sh/jose@5.9.6/denonext/key/generate/keypair.mjs": "9c5a4af038be9fadecb48c4532932f4c13f909abbbe7d594d07723f091ab501f",
    "https://esm.sh/jose@5.9.6/denonext/key/generate/secret.mjs": "33adb6ed0cc5c6c13a82b040d69da17546b49ca51e5708fac6d3e15c6a3b8f31",
    "https://esm.sh/jose@5.9.6/denonext/key/import.mjs": "048bd8c1d193193e2f90f059a3815b0a31348bd295fb075779cf3b90bf51e641"
  },
  "workspace": {
    "packageJson": {
      "dependencies": [
        "npm:@libsql/client@~0.17.3",
        "npm:@radix-ui/react-checkbox@^1.3.3",
        "npm:@radix-ui/react-dialog@^1.1.15",
        "npm:@radix-ui/react-label@^2.1.8",
        "npm:@radix-ui/react-slot@^1.2.4",
        "npm:@radix-ui/react-tooltip@^1.2.8",
        "npm:@tanstack/react-query@^5.100.9",
        "npm:@tanstack/react-router@^1.169.2",
        "npm:@tanstack/router-plugin@^1.167.35",
        "npm:@testing-library/jest-dom@^6.9.1",
        "npm:@testing-library/react@^16.3.2",
        "npm:@types/bcryptjs@^2.4.6",
        "npm:@types/jsdom@^28.0.3",
        "npm:@types/papaparse@^5.5.2",
        "npm:@types/react-dom@^18.3.1",
        "npm:@types/react@^18.3.12",
        "npm:@vitejs/plugin-react-swc@^4.3.0",
        "npm:autoprefixer@^10.5.0",
        "npm:bcryptjs@^3.0.3",
        "npm:class-variance-authority@~0.7.1",
        "npm:clsx@^2.1.1",
        "npm:cross-env@^7.0.3",
        "npm:dotenv@^17.4.2",
        "npm:drizzle-kit@~0.31.10",
        "npm:drizzle-orm@~0.45.2",
        "npm:fast-check@^4.8.0",
        "npm:jose@^5.9.6",
        "npm:jsdom@^29.1.1",
        "npm:katex@~0.16.46",
        "npm:lucide-react@1.14.0",
        "npm:mammoth@^1.12.0",
        "npm:nanoid@^5.1.11",
        "npm:papaparse@^5.5.3",
        "npm:pdfjs-dist@^5.7.284",
        "npm:postcss@^8.5.14",
        "npm:react-dom@^18.3.1",
        "npm:react-markdown@^10.1.0",
        "npm:react@^18.3.1",
        "npm:rehype-katex@^7.0.1",
        "npm:remark-gfm@^4.0.1",
        "npm:remark-math@6",
        "npm:rollup-plugin-visualizer@^7.0.1",
        "npm:sonner@^2.0.7",
        "npm:tailwind-merge@^3.6.0",
        "npm:tailwindcss-animate@^1.0.7",
        "npm:tailwindcss@^3.4.19",
        "npm:typescript@^5.6.3",
        "npm:vite@^5.4.11",
        "npm:vitest@^4.1.6",
        "npm:xlsx@~0.18.5",
        "npm:zod@^4.4.3",
        "npm:zustand@^5.0.13"
      ]
    }
  }
}
